
Microsoft Visual Studio Solution File, Format Version 12.00
# Visual Studio Version 17
VisualStudioVersion = 17.5.33627.172
MinimumVisualStudioVersion = 10.0.40219.1
Project("{FAE04EC0-301F-11D3-BF4B-00C04F79EFBC}") = "WindowsFormsApp1", "WindowsFormsApp1\WindowsFormsApp1.csproj", "{A6BB5D4B-19F8-453E-9529-FC77D3B4E617}"
EndProject
Global
	GlobalSection(SolutionConfigurationPlatforms) = preSolution
		Debug|Any CPU = Debug|Any CPU
		Release|Any CPU = Release|Any CPU
	EndGlobalSection
	GlobalSection(ProjectConfigurationPlatforms) = postSolution
		{A6BB5D4B-19F8-453E-9529-FC77D3B4E617}.Debug|Any CPU.ActiveCfg = Debug|Any CPU
		{A6BB5D4B-19F8-453E-9529-FC77D3B4E617}.Debug|Any CPU.Build.0 = Debug|Any CPU
		{A6BB5D4B-19F8-453E-9529-FC77D3B4E617}.Release|Any CPU.ActiveCfg = Release|Any CPU
		{A6BB5D4B-19F8-453E-9529-FC77D3B4E617}.Release|Any CPU.Build.0 = Release|Any CPU
	EndGlobalSection
	GlobalSection(SolutionProperties) = preSolution
		HideSolutionNode = FALSE
	EndGlobalSection
	GlobalSection(ExtensibilityGlobals) = postSolution
		SolutionGuid = {58074FE3-D6CA-4469-9111-FA5FFCA88E60}
	EndGlobalSection
EndGlobal
